
Microsoft Visual Studio Solution File, Format Version 12.00
# Visual Studio Version 17
VisualStudioVersion = 17.4.33205.214
MinimumVisualStudioVersion = 10.0.40219.1
Project("{FAE04EC0-301F-11D3-BF4B-00C04F79EFBC}") = "QuanLyThuVien_WF", "QuanLyThuVien_WF\QuanLyThuVien_WF.csproj", "{9FB8DE33-F7E9-47E0-A9CD-E2B9DC3929B6}"
EndProject
Global
	GlobalSection(SolutionConfigurationPlatforms) = preSolution
		Debug|Any CPU = Debug|Any CPU
		Release|Any CPU = Release|Any CPU
	EndGlobalSection
	GlobalSection(ProjectConfigurationPlatforms) = postSolution
		{9FB8DE33-F7E9-47E0-A9CD-E2B9DC3929B6}.Debug|Any CPU.ActiveCfg = Debug|Any CPU
		{9FB8DE33-F7E9-47E0-A9CD-E2B9DC3929B6}.Debug|Any CPU.Build.0 = Debug|Any CPU
		{9FB8DE33-F7E9-47E0-A9CD-E2B9DC3929B6}.Release|Any CPU.ActiveCfg = Release|Any CPU
		{9FB8DE33-F7E9-47E0-A9CD-E2B9DC3929B6}.Release|Any CPU.Build.0 = Release|Any CPU
	EndGlobalSection
	GlobalSection(SolutionProperties) = preSolution
		HideSolutionNode = FALSE
	EndGlobalSection
	GlobalSection(ExtensibilityGlobals) = postSolution
		SolutionGuid = {98126F60-AFA8-47E9-B50E-A365D1E9C374}
	EndGlobalSection
EndGlobal
